{
    "_meta": {
        "hash": {
            "sha256": "82fe6a442b5b6fd965224ff4228166d5181bf87f1a4e845920b1f2bcda24a972"
        },
        "pipfile-spec": 6,
        "requires": {
            "python_version": "3.6"
        },
        "sources": [
            {
                "name": "pypi",
                "url": "https://pypi.org/simple",
                "verify_ssl": true
            }
        ]
    },
    "default": {
        "antlr4-python3-runtime": {
            "hashes": [
                "sha256:15793f5d0512a372b4e7d2284058ad32ce7dd27126b105fb0b2245130445db33"
            ],
            "index": "pypi",
            "version": "==4.8"
        }
    },
    "develop": {}
}
